
Microsoft Visual Studio Solution File, Format Version 11.00
# Visual Studio 2010
Project("{FAE04EC0-301F-11D3-BF4B-00C04F79EFBC}") = "HelloXamarin", "HelloXamarin\HelloXamarin.csproj", "{196922CC-9007-4F19-B0B1-04BB8D11D6CD}"
EndProject
Global
	GlobalSection(SolutionConfigurationPlatforms) = preSolution
		Debug|Any CPU = Debug|Any CPU
		Release|Any CPU = Release|Any CPU
	EndGlobalSection
	GlobalSection(ProjectConfigurationPlatforms) = postSolution
		{196922CC-9007-4F19-B0B1-04BB8D11D6CD}.Debug|Any CPU.ActiveCfg = Debug|Any CPU
		{196922CC-9007-4F19-B0B1-04BB8D11D6CD}.Debug|Any CPU.Build.0 = Debug|Any CPU
		{196922CC-9007-4F19-B0B1-04BB8D11D6CD}.Release|Any CPU.ActiveCfg = Release|Any CPU
		{196922CC-9007-4F19-B0B1-04BB8D11D6CD}.Release|Any CPU.Build.0 = Release|Any CPU
	EndGlobalSection
	GlobalSection(MonoDevelopProperties) = preSolution
		StartupItem = HelloXamarin\HelloXamarin.csproj
	EndGlobalSection
EndGlobal
